PODS:
  - Flutter (1.0.0)
  - ios_health (0.0.1):
    - Flutter

DEPENDENCIES:
  - Flutter (from `.symlinks/flutter/ios`)
  - ios_health (from `.symlinks/plugins/ios_health/ios`)

EXTERNAL SOURCES:
  Flutter:
    :path: ".symlinks/flutter/ios"
  ios_health:
    :path: ".symlinks/plugins/ios_health/ios"

SPEC CHECKSUMS:
  Flutter: 9d0fac939486c9aba2809b7982dfdbb47a7b0296
  ios_health: ef15b10113819379fed7f317edbac504266ed6b5

PODFILE CHECKSUM: b02606947baaf3e07fcd71cb6f0c6149fcdf6bf2

COCOAPODS: 1.5.3
